
Microsoft Visual Studio Solution File, Format Version 12.00
# Visual Studio 15
VisualStudioVersion = 15.0.27130.2036
MinimumVisualStudioVersion = 10.0.40219.1
Project("{9A19103F-16F7-4668-BE54-9A1E7A4F7556}") = "RockPaperScissors", "RockPaperScissors\RockPaperScissors.csproj", "{CD00187E-B5B6-4BD3-BA44-4C9488AC015F}"
EndProject
Project("{9A19103F-16F7-4668-BE54-9A1E7A4F7556}") = "RockPaperScissors.Bll", "..\RockPaperScissors.Bll\RockPaperScissors.Bll.csproj", "{B8E2342D-B086-4666-AACF-F8907044B058}"
EndProject
Project("{FAE04EC0-301F-11D3-BF4B-00C04F79EFBC}") = "RockPaperScissors.Bll.Test", "..\RockPaperScissors.Bll.Test\RockPaperScissors.Bll.Test.csproj", "{5CF31000-FC30-4EDA-AAFB-4048427F5482}"
EndProject
Global
	GlobalSection(SolutionConfigurationPlatforms) = preSolution
		Debug|Any CPU = Debug|Any CPU
		Release|Any CPU = Release|Any CPU
	EndGlobalSection
	GlobalSection(ProjectConfigurationPlatforms) = postSolution
		{CD00187E-B5B6-4BD3-BA44-4C9488AC015F}.Debug|Any CPU.ActiveCfg = Debug|Any CPU
		{CD00187E-B5B6-4BD3-BA44-4C9488AC015F}.Debug|Any CPU.Build.0 = Debug|Any CPU
		{CD00187E-B5B6-4BD3-BA44-4C9488AC015F}.Release|Any CPU.ActiveCfg = Release|Any CPU
		{CD00187E-B5B6-4BD3-BA44-4C9488AC015F}.Release|Any CPU.Build.0 = Release|Any CPU
		{B8E2342D-B086-4666-AACF-F8907044B058}.Debug|Any CPU.ActiveCfg = Debug|Any CPU
		{B8E2342D-B086-4666-AACF-F8907044B058}.Debug|Any CPU.Build.0 = Debug|Any CPU
		{B8E2342D-B086-4666-AACF-F8907044B058}.Release|Any CPU.ActiveCfg = Release|Any CPU
		{B8E2342D-B086-4666-AACF-F8907044B058}.Release|Any CPU.Build.0 = Release|Any CPU
		{5CF31000-FC30-4EDA-AAFB-4048427F5482}.Debug|Any CPU.ActiveCfg = Debug|Any CPU
		{5CF31000-FC30-4EDA-AAFB-4048427F5482}.Debug|Any CPU.Build.0 = Debug|Any CPU
		{5CF31000-FC30-4EDA-AAFB-4048427F5482}.Release|Any CPU.ActiveCfg = Release|Any CPU
		{5CF31000-FC30-4EDA-AAFB-4048427F5482}.Release|Any CPU.Build.0 = Release|Any CPU
	EndGlobalSection
	GlobalSection(SolutionProperties) = preSolution
		HideSolutionNode = FALSE
	EndGlobalSection
	GlobalSection(ExtensibilityGlobals) = postSolution
		SolutionGuid = {5B2B38D3-9CE1-4B17-9C56-E5EBC5BC0C5C}
	EndGlobalSection
EndGlobal
